
Microsoft Visual Studio Solution File, Format Version 12.00
# Visual Studio 15
VisualStudioVersion = 15.0.26730.12
MinimumVisualStudioVersion = 10.0.40219.1
Project("{FAE04EC0-301F-11D3-BF4B-00C04F79EFBC}") = "ParrotWings", "ParrotWings\ParrotWings.csproj", "{88EB0665-4670-450E-934B-29521E380310}"
EndProject
Global
	GlobalSection(SolutionConfigurationPlatforms) = preSolution
		Debug|Any CPU = Debug|Any CPU
		Release|Any CPU = Release|Any CPU
	EndGlobalSection
	GlobalSection(ProjectConfigurationPlatforms) = postSolution
		{88EB0665-4670-450E-934B-29521E380310}.Debug|Any CPU.ActiveCfg = Debug|Any CPU
		{88EB0665-4670-450E-934B-29521E380310}.Debug|Any CPU.Build.0 = Debug|Any CPU
		{88EB0665-4670-450E-934B-29521E380310}.Release|Any CPU.ActiveCfg = Release|Any CPU
		{88EB0665-4670-450E-934B-29521E380310}.Release|Any CPU.Build.0 = Release|Any CPU
	EndGlobalSection
	GlobalSection(SolutionProperties) = preSolution
		HideSolutionNode = FALSE
	EndGlobalSection
	GlobalSection(ExtensibilityGlobals) = postSolution
		SolutionGuid = {C2FA31F7-3CDE-485D-AADB-4C2C850D91C9}
	EndGlobalSection
EndGlobal
